
Microsoft Visual Studio Solution File, Format Version 12.00
# Visual Studio Version 16
VisualStudioVersion = 16.0.30717.126
MinimumVisualStudioVersion = 10.0.40219.1
Project("{FAE04EC0-301F-11D3-BF4B-00C04F79EFBC}") = "MediatorPattern", "MediatorPattern\MediatorPattern.csproj", "{081E14AD-E08E-4DDF-8488-9BFAE460683E}"
EndProject
Global
	GlobalSection(SolutionConfigurationPlatforms) = preSolution
		Debug|Any CPU = Debug|Any CPU
		Release|Any CPU = Release|Any CPU
	EndGlobalSection
	GlobalSection(ProjectConfigurationPlatforms) = postSolution
		{081E14AD-E08E-4DDF-8488-9BFAE460683E}.Debug|Any CPU.ActiveCfg = Debug|Any CPU
		{081E14AD-E08E-4DDF-8488-9BFAE460683E}.Debug|Any CPU.Build.0 = Debug|Any CPU
		{081E14AD-E08E-4DDF-8488-9BFAE460683E}.Release|Any CPU.ActiveCfg = Release|Any CPU
		{081E14AD-E08E-4DDF-8488-9BFAE460683E}.Release|Any CPU.Build.0 = Release|Any CPU
	EndGlobalSection
	GlobalSection(SolutionProperties) = preSolution
		HideSolutionNode = FALSE
	EndGlobalSection
	GlobalSection(ExtensibilityGlobals) = postSolution
		SolutionGuid = {469A6971-6DFC-435D-ACAA-55EE3E4E54D7}
	EndGlobalSection
EndGlobal
